
Microsoft Visual Studio Solution File, Format Version 12.00
# Visual Studio Version 17
VisualStudioVersion = 17.10.35013.160
MinimumVisualStudioVersion = 10.0.40219.1
Project("{FAE04EC0-301F-11D3-BF4B-00C04F79EFBC}") = "ParkingManagerAPI", "ParkingManagerAPI\ParkingManagerAPI.csproj", "{5F918172-8B0B-429A-80C3-B244CCAB08B4}"
EndProject
Project("{FAE04EC0-301F-11D3-BF4B-00C04F79EFBC}") = "ParkingManager.BusinessLogic", "ParkingManager.BusinessLogic\ParkingManager.BusinessLogic.csproj", "{69ECFB5C-F13C-40A4-8BD6-B879B00539FC}"
EndProject
Project("{FAE04EC0-301F-11D3-BF4B-00C04F79EFBC}") = "ParkingManager.DataAccess", "ParkingManager.DataAccess\ParkingManager.DataAccess.csproj", "{2243A335-479B-4576-913C-B8AD60B5B95F}"
EndProject
Global
	GlobalSection(SolutionConfigurationPlatforms) = preSolution
		Debug|Any CPU = Debug|Any CPU
		Release|Any CPU = Release|Any CPU
	EndGlobalSection
	GlobalSection(ProjectConfigurationPlatforms) = postSolution
		{5F918172-8B0B-429A-80C3-B244CCAB08B4}.Debug|Any CPU.ActiveCfg = Debug|Any CPU
		{5F918172-8B0B-429A-80C3-B244CCAB08B4}.Debug|Any CPU.Build.0 = Debug|Any CPU
		{5F918172-8B0B-429A-80C3-B244CCAB08B4}.Release|Any CPU.ActiveCfg = Release|Any CPU
		{5F918172-8B0B-429A-80C3-B244CCAB08B4}.Release|Any CPU.Build.0 = Release|Any CPU
		{69ECFB5C-F13C-40A4-8BD6-B879B00539FC}.Debug|Any CPU.ActiveCfg = Debug|Any CPU
		{69ECFB5C-F13C-40A4-8BD6-B879B00539FC}.Debug|Any CPU.Build.0 = Debug|Any CPU
		{69ECFB5C-F13C-40A4-8BD6-B879B00539FC}.Release|Any CPU.ActiveCfg = Release|Any CPU
		{69ECFB5C-F13C-40A4-8BD6-B879B00539FC}.Release|Any CPU.Build.0 = Release|Any CPU
		{2243A335-479B-4576-913C-B8AD60B5B95F}.Debug|Any CPU.ActiveCfg = Debug|Any CPU
		{2243A335-479B-4576-913C-B8AD60B5B95F}.Debug|Any CPU.Build.0 = Debug|Any CPU
		{2243A335-479B-4576-913C-B8AD60B5B95F}.Release|Any CPU.ActiveCfg = Release|Any CPU
		{2243A335-479B-4576-913C-B8AD60B5B95F}.Release|Any CPU.Build.0 = Release|Any CPU
	EndGlobalSection
	GlobalSection(SolutionProperties) = preSolution
		HideSolutionNode = FALSE
	EndGlobalSection
	GlobalSection(ExtensibilityGlobals) = postSolution
		SolutionGuid = {7EA671B5-23F9-43F4-901A-F64FA034AEF4}
	EndGlobalSection
EndGlobal
